
Microsoft Visual Studio Solution File, Format Version 12.00
# Visual Studio Version 17
VisualStudioVersion = 17.3.32804.467
MinimumVisualStudioVersion = 10.0.40219.1
Project("{FAE04EC0-301F-11D3-BF4B-00C04F79EFBC}") = "AbstractFactory", "AbstractFactory\AbstractFactory.csproj", "{3C8383F3-CF7B-43FD-B6E6-5C6ADC4D8721}"
EndProject
Global
	GlobalSection(SolutionConfigurationPlatforms) = preSolution
		Debug|Any CPU = Debug|Any CPU
		Release|Any CPU = Release|Any CPU
	EndGlobalSection
	GlobalSection(ProjectConfigurationPlatforms) = postSolution
		{3C8383F3-CF7B-43FD-B6E6-5C6ADC4D8721}.Debug|Any CPU.ActiveCfg = Debug|Any CPU
		{3C8383F3-CF7B-43FD-B6E6-5C6ADC4D8721}.Debug|Any CPU.Build.0 = Debug|Any CPU
		{3C8383F3-CF7B-43FD-B6E6-5C6ADC4D8721}.Release|Any CPU.ActiveCfg = Release|Any CPU
		{3C8383F3-CF7B-43FD-B6E6-5C6ADC4D8721}.Release|Any CPU.Build.0 = Release|Any CPU
	EndGlobalSection
	GlobalSection(SolutionProperties) = preSolution
		HideSolutionNode = FALSE
	EndGlobalSection
	GlobalSection(ExtensibilityGlobals) = postSolution
		SolutionGuid = {F511399D-FAEF-40A9-B3DD-E9C640043B4C}
	EndGlobalSection
EndGlobal
