
Microsoft Visual Studio Solution File, Format Version 12.00
# Visual Studio Version 17
VisualStudioVersion = 17.3.32804.467
MinimumVisualStudioVersion = 10.0.40219.1
Project("{FAE04EC0-301F-11D3-BF4B-00C04F79EFBC}") = "BridgePattern", "BridgePattern\BridgePattern.csproj", "{06B9702B-B0D5-4CB6-87B4-31B4CC8C308B}"
EndProject
Global
	GlobalSection(SolutionConfigurationPlatforms) = preSolution
		Debug|Any CPU = Debug|Any CPU
		Release|Any CPU = Release|Any CPU
	EndGlobalSection
	GlobalSection(ProjectConfigurationPlatforms) = postSolution
		{06B9702B-B0D5-4CB6-87B4-31B4CC8C308B}.Debug|Any CPU.ActiveCfg = Debug|Any CPU
		{06B9702B-B0D5-4CB6-87B4-31B4CC8C308B}.Debug|Any CPU.Build.0 = Debug|Any CPU
		{06B9702B-B0D5-4CB6-87B4-31B4CC8C308B}.Release|Any CPU.ActiveCfg = Release|Any CPU
		{06B9702B-B0D5-4CB6-87B4-31B4CC8C308B}.Release|Any CPU.Build.0 = Release|Any CPU
	EndGlobalSection
	GlobalSection(SolutionProperties) = preSolution
		HideSolutionNode = FALSE
	EndGlobalSection
	GlobalSection(ExtensibilityGlobals) = postSolution
		SolutionGuid = {D31974BA-D415-4041-9517-4A3DD59549D2}
	EndGlobalSection
EndGlobal
