
Microsoft Visual Studio Solution File, Format Version 12.00
# Visual Studio Version 17
VisualStudioVersion = 17.3.32804.467
MinimumVisualStudioVersion = 10.0.40219.1
Project("{FAE04EC0-301F-11D3-BF4B-00C04F79EFBC}") = "SingletonDesignPattern", "SingletonDesignPattern\SingletonDesignPattern.csproj", "{92EDC1F1-EFD4-4745-A37B-C633F9DF1396}"
EndProject
Global
	GlobalSection(SolutionConfigurationPlatforms) = preSolution
		Debug|Any CPU = Debug|Any CPU
		Release|Any CPU = Release|Any CPU
	EndGlobalSection
	GlobalSection(ProjectConfigurationPlatforms) = postSolution
		{92EDC1F1-EFD4-4745-A37B-C633F9DF1396}.Debug|Any CPU.ActiveCfg = Debug|Any CPU
		{92EDC1F1-EFD4-4745-A37B-C633F9DF1396}.Debug|Any CPU.Build.0 = Debug|Any CPU
		{92EDC1F1-EFD4-4745-A37B-C633F9DF1396}.Release|Any CPU.ActiveCfg = Release|Any CPU
		{92EDC1F1-EFD4-4745-A37B-C633F9DF1396}.Release|Any CPU.Build.0 = Release|Any CPU
	EndGlobalSection
	GlobalSection(SolutionProperties) = preSolution
		HideSolutionNode = FALSE
	EndGlobalSection
	GlobalSection(ExtensibilityGlobals) = postSolution
		SolutionGuid = {C93A5E26-0A7C-49D6-B4AB-6B57EF8ED9A9}
	EndGlobalSection
EndGlobal
