
Microsoft Visual Studio Solution File, Format Version 12.00
# Visual Studio Version 16
VisualStudioVersion = 25.0.1705.4
MinimumVisualStudioVersion = 10.0.40219.1
Project("{FAE04EC0-301F-11D3-BF4B-00C04F79EFBC}") = "ObserverDesignPattern", "ObserverDesignPattern.csproj", "{CBB952C4-DF1E-4E92-B0A3-65F2290F4382}"
EndProject
Global
	GlobalSection(SolutionConfigurationPlatforms) = preSolution
		Debug|Any CPU = Debug|Any CPU
		Release|Any CPU = Release|Any CPU
	EndGlobalSection
	GlobalSection(ProjectConfigurationPlatforms) = postSolution
		{CBB952C4-DF1E-4E92-B0A3-65F2290F4382}.Debug|Any CPU.ActiveCfg = Debug|Any CPU
		{CBB952C4-DF1E-4E92-B0A3-65F2290F4382}.Debug|Any CPU.Build.0 = Debug|Any CPU
		{CBB952C4-DF1E-4E92-B0A3-65F2290F4382}.Release|Any CPU.ActiveCfg = Release|Any CPU
		{CBB952C4-DF1E-4E92-B0A3-65F2290F4382}.Release|Any CPU.Build.0 = Release|Any CPU
	EndGlobalSection
	GlobalSection(SolutionProperties) = preSolution
		HideSolutionNode = FALSE
	EndGlobalSection
	GlobalSection(ExtensibilityGlobals) = postSolution
		SolutionGuid = {FA253AD6-FC50-4500-9267-191714A24331}
	EndGlobalSection
EndGlobal
