
Microsoft Visual Studio Solution File, Format Version 12.00
# Visual Studio Version 16
VisualStudioVersion = 25.0.1705.4
MinimumVisualStudioVersion = 10.0.40219.1
Project("{FAE04EC0-301F-11D3-BF4B-00C04F79EFBC}") = "StrategyPattern", "StrategyPattern.csproj", "{301F30DB-381E-4324-90D3-1A3EC6E40834}"
EndProject
Global
	GlobalSection(SolutionConfigurationPlatforms) = preSolution
		Debug|Any CPU = Debug|Any CPU
		Release|Any CPU = Release|Any CPU
	EndGlobalSection
	GlobalSection(ProjectConfigurationPlatforms) = postSolution
		{301F30DB-381E-4324-90D3-1A3EC6E40834}.Debug|Any CPU.ActiveCfg = Debug|Any CPU
		{301F30DB-381E-4324-90D3-1A3EC6E40834}.Debug|Any CPU.Build.0 = Debug|Any CPU
		{301F30DB-381E-4324-90D3-1A3EC6E40834}.Release|Any CPU.ActiveCfg = Release|Any CPU
		{301F30DB-381E-4324-90D3-1A3EC6E40834}.Release|Any CPU.Build.0 = Release|Any CPU
	EndGlobalSection
	GlobalSection(SolutionProperties) = preSolution
		HideSolutionNode = FALSE
	EndGlobalSection
	GlobalSection(ExtensibilityGlobals) = postSolution
		SolutionGuid = {FD03E544-D117-4703-87D4-F268ED173F6A}
	EndGlobalSection
EndGlobal
