
Microsoft Visual Studio Solution File, Format Version 12.00
# Visual Studio Version 17
VisualStudioVersion = 17.3.32804.467
MinimumVisualStudioVersion = 10.0.40219.1
Project("{FAE04EC0-301F-11D3-BF4B-00C04F79EFBC}") = "AdapterDesignPattern", "AdapterDesignPattern\AdapterDesignPattern.csproj", "{5CECF5B0-D2D6-4CB0-8140-40995F5C4124}"
EndProject
Global
	GlobalSection(SolutionConfigurationPlatforms) = preSolution
		Debug|Any CPU = Debug|Any CPU
		Release|Any CPU = Release|Any CPU
	EndGlobalSection
	GlobalSection(ProjectConfigurationPlatforms) = postSolution
		{5CECF5B0-D2D6-4CB0-8140-40995F5C4124}.Debug|Any CPU.ActiveCfg = Debug|Any CPU
		{5CECF5B0-D2D6-4CB0-8140-40995F5C4124}.Debug|Any CPU.Build.0 = Debug|Any CPU
		{5CECF5B0-D2D6-4CB0-8140-40995F5C4124}.Release|Any CPU.ActiveCfg = Release|Any CPU
		{5CECF5B0-D2D6-4CB0-8140-40995F5C4124}.Release|Any CPU.Build.0 = Release|Any CPU
	EndGlobalSection
	GlobalSection(SolutionProperties) = preSolution
		HideSolutionNode = FALSE
	EndGlobalSection
	GlobalSection(ExtensibilityGlobals) = postSolution
		SolutionGuid = {32DD0725-589B-4A07-B6C8-6A0718F8F62F}
	EndGlobalSection
EndGlobal
